// !$*UTF8*$!
{
	archiveVersion = 1;
	classes = {
	};
	objectVersion = 50;
	objects = {

/* Begin PBXBuildFile section */
		54145ED8C80E63330951213D /* Pods_chatApp.framework in Frameworks */ = {isa = PBXBuildFile; fileRef = D0FE72020D261268D0266F03 /* Pods_chatApp.framework */; };
		CE6AAA74213AD42A000FDEEF /* NewMessageController.swift in Sources */ = {isa = PBXBuildFile; fileRef = CE6AAA73213AD42A000FDEEF /* NewMessageController.swift */; };
		CE6AAA77213ADD43000FDEEF /* User.swift in Sources */ = {isa = PBXBuildFile; fileRef = CE6AAA76213ADD43000FDEEF /* User.swift */; };
		CE880EE8213FA4A70006BB1D /* Extensions.swift in Sources */ = {isa = PBXBuildFile; fileRef = CE880EE7213FA4A70006BB1D /* Extensions.swift */; };
		CE9D753F213CFEEA00A40913 /* LoginController+handlers.swift in Sources */ = {isa = PBXBuildFile; fileRef = CE9D753E213CFEEA00A40913 /* LoginController+handlers.swift */; };
		CEA3BF422139061D00604FE1 /* AppDelegate.swift in Sources */ = {isa = PBXBuildFile; fileRef = CEA3BF412139061D00604FE1 /* AppDelegate.swift */; };
		CEA3BF442139061D00604FE1 /* MessagesController.swift in Sources */ = {isa = PBXBuildFile; fileRef = CEA3BF432139061D00604FE1 /* MessagesController.swift */; };
		CEA3BF472139061D00604FE1 /* Main.storyboard in Resources */ = {isa = PBXBuildFile; fileRef = CEA3BF452139061D00604FE1 /* Main.storyboard */; };
		CEA3BF492139061F00604FE1 /* Assets.xcassets in Resources */ = {isa = PBXBuildFile; fileRef = CEA3BF482139061F00604FE1 /* Assets.xcassets */; };
		CEA3BF4C2139061F00604FE1 /* LaunchScreen.storyboard in Resources */ = {isa = PBXBuildFile; fileRef = CEA3BF4A2139061F00604FE1 /* LaunchScreen.storyboard */; };
		CEA3BF55213907E700604FE1 /* LoginController.swift in Sources */ = {isa = PBXBuildFile; fileRef = CEA3BF54213907E700604FE1 /* LoginController.swift */; };
		CEA3BF57213A568200604FE1 /* GoogleService-Info.plist in Resources */ = {isa = PBXBuildFile; fileRef = CEA3BF56213A568200604FE1 /* GoogleService-Info.plist */; };
/* End PBXBuildFile section */

/* Begin PBXFileReference section */
		1BFC13113BC0EFCED6BED474 /* Pods-chatApp.debug.xcconfig */ = {isa = PBXFileReference; includeInIndex = 1; lastKnownFileType = text.xcconfig; name = "Pods-chatApp.debug.xcconfig"; path = "Pods/Target Support Files/Pods-chatApp/Pods-chatApp.debug.xcconfig"; sourceTree = "<group>"; };
		345434E9C91C9052F3511C84 /* Pods-chatApp.release.xcconfig */ = {isa = PBXFileReference; includeInIndex = 1; lastKnownFileType = text.xcconfig; name = "Pods-chatApp.release.xcconfig"; path = "Pods/Target Support Files/Pods-chatApp/Pods-chatApp.release.xcconfig"; sourceTree = "<group>"; };
		CE6AAA73213AD42A000FDEEF /* NewMessageController.swift */ = {isa = PBXFileReference; lastKnownFileType = sourcecode.swift; path = NewMessageController.swift; sourceTree = "<group>"; };
		CE6AAA76213ADD43000FDEEF /* User.swift */ = {isa = PBXFileReference; lastKnownFileType = sourcecode.swift; path = User.swift; sourceTree = "<group>"; };
		CE880EE7213FA4A70006BB1D /* Extensions.swift */ = {isa = PBXFileReference; lastKnownFileType = sourcecode.swift; path = Extensions.swift; sourceTree = "<group>"; };
		CE9D753E213CFEEA00A40913 /* LoginController+handlers.swift */ = {isa = PBXFileReference; lastKnownFileType = sourcecode.swift; path = "LoginController+handlers.swift"; sourceTree = "<group>"; };
		CEA3BF3E2139061D00604FE1 /* chatApp.app */ = {isa = PBXFileReference; explicitFileType = wrapper.application; includeInIndex = 0; path = chatApp.app; sourceTree = BUILT_PRODUCTS_DIR; };
		CEA3BF412139061D00604FE1 /* AppDelegate.swift */ = {isa = PBXFileReference; lastKnownFileType = sourcecode.swift; path = AppDelegate.swift; sourceTree = "<group>"; };
		CEA3BF432139061D00604FE1 /* MessagesController.swift */ = {isa = PBXFileReference; lastKnownFileType = sourcecode.swift; path = MessagesController.swift; sourceTree = "<group>"; };
		CEA3BF462139061D00604FE1 /* Base */ = {isa = PBXFileReference; lastKnownFileType = file.storyboard; name = Base; path = Base.lproj/Main.storyboard; sourceTree = "<group>"; };
		CEA3BF482139061F00604FE1 /* Assets.xcassets */ = {isa = PBXFileReference; lastKnownFileType = folder.assetcatalog; path = Assets.xcassets; sourceTree = "<group>"; };
		CEA3BF4B2139061F00604FE1 /* Base */ = {isa = PBXFileReference; lastKnownFileType = file.storyboard; name = Base; path = Base.lproj/LaunchScreen.storyboard; sourceTree = "<group>"; };
		CEA3BF4D2139061F00604FE1 /* Info.plist */ = {isa = PBXFileReference; lastKnownFileType = text.plist.xml; path = Info.plist; sourceTree = "<group>"; };
		CEA3BF54213907E700604FE1 /* LoginController.swift */ = {isa = PBXFileReference; lastKnownFileType = sourcecode.swift; path = LoginController.swift; sourceTree = "<group>"; };
		CEA3BF56213A568200604FE1 /* GoogleService-Info.plist */ = {isa = PBXFileReference; fileEncoding = 4; lastKnownFileType = text.plist.xml; path = "GoogleService-Info.plist"; sourceTree = "<group>"; };
		D0FE72020D261268D0266F03 /* Pods_chatApp.framework */ = {isa = PBXFileReference; explicitFileType = wrapper.framework; includeInIndex = 0; path = Pods_chatApp.framework; sourceTree = BUILT_PRODUCTS_DIR; };
/* End PBXFileReference section */

/* Begin PBXFrameworksBuildPhase section */
		CEA3BF3B2139061D00604FE1 /* Frameworks */ = {
			isa = PBXFrameworksBuildPhase;
			buildActionMask = 2147483647;
			files = (
				54145ED8C80E63330951213D /* Pods_chatApp.framework in Frameworks */,
			);
			runOnlyForDeploymentPostprocessing = 0;
		};
/* End PBXFrameworksBuildPhase section */

/* Begin PBXGroup section */
		7C9EC6E2A085E1A4B6FDEB1F /* Pods */ = {
			isa = PBXGroup;
			children = (
				1BFC13113BC0EFCED6BED474 /* Pods-chatApp.debug.xcconfig */,
				345434E9C91C9052F3511C84 /* Pods-chatApp.release.xcconfig */,
			);
			name = Pods;
			sourceTree = "<group>";
		};
		CE6AAA75213ADD29000FDEEF /* Model */ = {
			isa = PBXGroup;
			children = (
				CE6AAA76213ADD43000FDEEF /* User.swift */,
			);
			path = Model;
			sourceTree = "<group>";
		};
		CE880EE6213FA48E0006BB1D /* Helpers */ = {
			isa = PBXGroup;
			children = (
				CE880EE7213FA4A70006BB1D /* Extensions.swift */,
			);
			path = Helpers;
			sourceTree = "<group>";
		};
		CEA3BF352139061D00604FE1 = {
			isa = PBXGroup;
			children = (
				CEA3BF402139061D00604FE1 /* chatApp */,
				CEA3BF3F2139061D00604FE1 /* Products */,
				7C9EC6E2A085E1A4B6FDEB1F /* Pods */,
				E92C18F60DA91BF2B56E3A12 /* Frameworks */,
			);
			sourceTree = "<group>";
		};
		CEA3BF3F2139061D00604FE1 /* Products */ = {
			isa = PBXGroup;
			children = (
				CEA3BF3E2139061D00604FE1 /* chatApp.app */,
			);
			name = Products;
			sourceTree = "<group>";
		};
		CEA3BF402139061D00604FE1 /* chatApp */ = {
			isa = PBXGroup;
			children = (
				CE880EE6213FA48E0006BB1D /* Helpers */,
				CE6AAA75213ADD29000FDEEF /* Model */,
				CEA3BF53213907CD00604FE1 /* Controller */,
				CEA3BF412139061D00604FE1 /* AppDelegate.swift */,
				CEA3BF452139061D00604FE1 /* Main.storyboard */,
				CEA3BF482139061F00604FE1 /* Assets.xcassets */,
				CEA3BF4A2139061F00604FE1 /* LaunchScreen.storyboard */,
				CEA3BF4D2139061F00604FE1 /* Info.plist */,
				CEA3BF56213A568200604FE1 /* GoogleService-Info.plist */,
			);
			path = chatApp;
			sourceTree = "<group>";
		};
		CEA3BF53213907CD00604FE1 /* Controller */ = {
			isa = PBXGroup;
			children = (
				CEA3BF54213907E700604FE1 /* LoginController.swift */,
				CEA3BF432139061D00604FE1 /* MessagesController.swift */,
				CE6AAA73213AD42A000FDEEF /* NewMessageController.swift */,
				CE9D753E213CFEEA00A40913 /* LoginController+handlers.swift */,
			);
			path = Controller;
			sourceTree = "<group>";
		};
		E92C18F60DA91BF2B56E3A12 /* Frameworks */ = {
			isa = PBXGroup;
			children = (
				D0FE72020D261268D0266F03 /* Pods_chatApp.framework */,
			);
			name = Frameworks;
			sourceTree = "<group>";
		};
/* End PBXGroup section */

/* Begin PBXNativeTarget section */
		CEA3BF3D2139061D00604FE1 /* chatApp */ = {
			isa = PBXNativeTarget;
			buildConfigurationList = CEA3BF502139061F00604FE1 /* Build configuration list for PBXNativeTarget "chatApp" */;
			buildPhases = (
				FFC1B7BF7B28CF78B5F7F00D /* [CP] Check Pods Manifest.lock */,
				CEA3BF3A2139061D00604FE1 /* Sources */,
				CEA3BF3B2139061D00604FE1 /* Frameworks */,
				CEA3BF3C2139061D00604FE1 /* Resources */,
				ABF0BB1B37D28146DD279468 /* [CP] Embed Pods Frameworks */,
			);
			buildRules = (
			);
			dependencies = (
			);
			name = chatApp;
			productName = chatApp;
			productReference = CEA3BF3E2139061D00604FE1 /* chatApp.app */;
			productType = "com.apple.product-type.application";
		};
/* End PBXNativeTarget section */

/* Begin PBXProject section */
		CEA3BF362139061D00604FE1 /* Project object */ = {
			isa = PBXProject;
			attributes = {
				LastSwiftUpdateCheck = 1000;
				LastUpgradeCheck = 1000;
				ORGANIZATIONNAME = user;
				TargetAttributes = {
					CEA3BF3D2139061D00604FE1 = {
						CreatedOnToolsVersion = 10.0;
					};
				};
			};
			buildConfigurationList = CEA3BF392139061D00604FE1 /* Build configuration list for PBXProject "chatApp" */;
			compatibilityVersion = "Xcode 9.3";
			developmentRegion = en;
			hasScannedForEncodings = 0;
			knownRegions = (
				en,
				Base,
			);
			mainGroup = CEA3BF352139061D00604FE1;
			productRefGroup = CEA3BF3F2139061D00604FE1 /* Products */;
			projectDirPath = "";
			projectRoot = "";
			targets = (
				CEA3BF3D2139061D00604FE1 /* chatApp */,
			);
		};
/* End PBXProject section */

/* Begin PBXResourcesBuildPhase section */
		CEA3BF3C2139061D00604FE1 /* Resources */ = {
			isa = PBXResourcesBuildPhase;
			buildActionMask = 2147483647;
			files = (
				CEA3BF4C2139061F00604FE1 /* LaunchScreen.storyboard in Resources */,
				CEA3BF57213A568200604FE1 /* GoogleService-Info.plist in Resources */,
				CEA3BF492139061F00604FE1 /* Assets.xcassets in Resources */,
				CEA3BF472139061D00604FE1 /* Main.storyboard in Resources */,
			);
			runOnlyForDeploymentPostprocessing = 0;
		};
/* End PBXResourcesBuildPhase section */

/* Begin PBXShellScriptBuildPhase section */
		ABF0BB1B37D28146DD279468 /* [CP] Embed Pods Frameworks */ = {
			isa = PBXShellScriptBuildPhase;
			buildActionMask = 2147483647;
			files = (
			);
			inputFileListPaths = (
			);
			inputPaths = (
				"${SRCROOT}/Pods/Target Support Files/Pods-chatApp/Pods-chatApp-frameworks.sh",
				"${BUILT_PRODUCTS_DIR}/GTMSessionFetcher/GTMSessionFetcher.framework",
				"${BUILT_PRODUCTS_DIR}/GoogleToolboxForMac/GoogleToolboxForMac.framework",
				"${BUILT_PRODUCTS_DIR}/leveldb-library/leveldb.framework",
			);
			name = "[CP] Embed Pods Frameworks";
			outputFileListPaths = (
			);
			outputPaths = (
				"${TARGET_BUILD_DIR}/${FRAMEWORKS_FOLDER_PATH}/GTMSessionFetcher.framework",
				"${TARGET_BUILD_DIR}/${FRAMEWORKS_FOLDER_PATH}/GoogleToolboxForMac.framework",
				"${TARGET_BUILD_DIR}/${FRAMEWORKS_FOLDER_PATH}/leveldb.framework",
			);
			runOnlyForDeploymentPostprocessing = 0;
			shellPath = /bin/sh;
			shellScript = "\"${SRCROOT}/Pods/Target Support Files/Pods-chatApp/Pods-chatApp-frameworks.sh\"\n";
			showEnvVarsInLog = 0;
		};
		FFC1B7BF7B28CF78B5F7F00D /* [CP] Check Pods Manifest.lock */ = {
			isa = PBXShellScriptBuildPhase;
			buildActionMask = 2147483647;
			files = (
			);
			inputFileListPaths = (
			);
			inputPaths = (
				"${PODS_PODFILE_DIR_PATH}/Podfile.lock",
				"${PODS_ROOT}/Manifest.lock",
			);
			name = "[CP] Check Pods Manifest.lock";
			outputFileListPaths = (
			);
			outputPaths = (
				"$(DERIVED_FILE_DIR)/Pods-chatApp-checkManifestLockResult.txt",
			);
			runOnlyForDeploymentPostprocessing = 0;
			shellPath = /bin/sh;
			shellScript = "diff \"${PODS_PODFILE_DIR_PATH}/Podfile.lock\" \"${PODS_ROOT}/Manifest.lock\" > /dev/null\nif [ $? != 0 ] ; then\n    # print error to STDERR\n    echo \"error: The sandbox is not in sync with the Podfile.lock. Run 'pod install' or update your CocoaPods installation.\" >&2\n    exit 1\nfi\n# This output is used by Xcode 'outputs' to avoid re-running this script phase.\necho \"SUCCESS\" > \"${SCRIPT_OUTPUT_FILE_0}\"\n";
			showEnvVarsInLog = 0;
		};
/* End PBXShellScriptBuildPhase section */

/* Begin PBXSourcesBuildPhase section */
		CEA3BF3A2139061D00604FE1 /* Sources */ = {
			isa = PBXSourcesBuildPhase;
			buildActionMask = 2147483647;
			files = (
				CE6AAA74213AD42A000FDEEF /* NewMessageController.swift in Sources */,
				CEA3BF442139061D00604FE1 /* MessagesController.swift in Sources */,
				CE9D753F213CFEEA00A40913 /* LoginController+handlers.swift in Sources */,
				CEA3BF55213907E700604FE1 /* LoginController.swift in Sources */,
				CE6AAA77213ADD43000FDEEF /* User.swift in Sources */,
				CEA3BF422139061D00604FE1 /* AppDelegate.swift in Sources */,
				CE880EE8213FA4A70006BB1D /* Extensions.swift in Sources */,
			);
			runOnlyForDeploymentPostprocessing = 0;
		};
/* End PBXSourcesBuildPhase section */

/* Begin PBXVariantGroup section */
		CEA3BF452139061D00604FE1 /* Main.storyboard */ = {
			isa = PBXVariantGroup;
			children = (
				CEA3BF462139061D00604FE1 /* Base */,
			);
			name = Main.storyboard;
			sourceTree = "<group>";
		};
		CEA3BF4A2139061F00604FE1 /* LaunchScreen.storyboard */ = {
			isa = PBXVariantGroup;
			children = (
				CEA3BF4B2139061F00604FE1 /* Base */,
			);
			name = LaunchScreen.storyboard;
			sourceTree = "<group>";
		};
/* End PBXVariantGroup section */

/* Begin XCBuildConfiguration section */
		CEA3BF4E2139061F00604FE1 /* Debug */ = {
			isa = XCBuildConfiguration;
			buildSettings = {
				ALWAYS_SEARCH_USER_PATHS = NO;
				CLANG_ANALYZER_NONNULL = YES;
				CLANG_ANALYZER_NUMBER_OBJECT_CONVERSION = YES_AGGRESSIVE;
				CLANG_CXX_LANGUAGE_STANDARD = "gnu++14";
				CLANG_CXX_LIBRARY = "libc++";
				CLANG_ENABLE_MODULES = YES;
				CLANG_ENABLE_OBJC_ARC = YES;
				CLANG_ENABLE_OBJC_WEAK = YES;
				CLANG_WARN_BLOCK_CAPTURE_AUTORELEASING = YES;
				CLANG_WARN_BOOL_CONVERSION = YES;
				CLANG_WARN_COMMA = YES;
				CLANG_WARN_CONSTANT_CONVERSION = YES;
				CLANG_WARN_DEPRECATED_OBJC_IMPLEMENTATIONS = YES;
				CLANG_WARN_DIRECT_OBJC_ISA_USAGE = YES_ERROR;
				CLANG_WARN_DOCUMENTATION_COMMENTS = YES;
				CLANG_WARN_EMPTY_BODY = YES;
				CLANG_WARN_ENUM_CONVERSION = YES;
				CLANG_WARN_INFINITE_RECURSION = YES;
				CLANG_WARN_INT_CONVERSION = YES;
				CLANG_WARN_NON_LITERAL_NULL_CONVERSION = YES;
				CLANG_WARN_OBJC_IMPLICIT_RETAIN_SELF = YES;
				CLANG_WARN_OBJC_LITERAL_CONVERSION = YES;
				CLANG_WARN_OBJC_ROOT_CLASS = YES_ERROR;
				CLANG_WARN_RANGE_LOOP_ANALYSIS = YES;
				CLANG_WARN_STRICT_PROTOTYPES = YES;
				CLANG_WARN_SUSPICIOUS_MOVE = YES;
				CLANG_WARN_UNGUARDED_AVAILABILITY = YES_AGGRESSIVE;
				CLANG_WARN_UNREACHABLE_CODE = YES;
				CLANG_WARN__DUPLICATE_METHOD_MATCH = YES;
				CODE_SIGN_IDENTITY = "iPhone Developer";
				COPY_PHASE_STRIP = NO;
				DEBUG_INFORMATION_FORMAT = dwarf;
				ENABLE_STRICT_OBJC_MSGSEND = YES;
				ENABLE_TESTABILITY = YES;
				GCC_C_LANGUAGE_STANDARD = gnu11;
				GCC_DYNAMIC_NO_PIC = NO;
				GCC_NO_COMMON_BLOCKS = YES;
				GCC_OPTIMIZATION_LEVEL = 0;
				GCC_PREPROCESSOR_DEFINITIONS = (
					"DEBUG=1",
					"$(inherited)",
				);
				GCC_WARN_64_TO_32_BIT_CONVERSION = YES;
				GCC_WARN_ABOUT_RETURN_TYPE = YES_ERROR;
				GCC_WARN_UNDECLARED_SELECTOR = YES;
				GCC_WARN_UNINITIALIZED_AUTOS = YES_AGGRESSIVE;
				GCC_WARN_UNUSED_FUNCTION = YES;
				GCC_WARN_UNUSED_VARIABLE = YES;
				IPHONEOS_DEPLOYMENT_TARGET = 12.0;
				MTL_ENABLE_DEBUG_INFO = INCLUDE_SOURCE;
				MTL_FAST_MATH = YES;
				ONLY_ACTIVE_ARCH = YES;
				SDKROOT = iphoneos;
				SWIFT_ACTIVE_COMPILATION_CONDITIONS = DEBUG;
				SWIFT_OPTIMIZATION_LEVEL = "-Onone";
			};
			name = Debug;
		};
		CEA3BF4F2139061F00604FE1 /* Release */ = {
			isa = XCBuildConfiguration;
			buildSettings = {
				ALWAYS_SEARCH_USER_PATHS = NO;
				CLANG_ANALYZER_NONNULL = YES;
				CLANG_ANALYZER_NUMBER_OBJECT_CONVERSION = YES_AGGRESSIVE;
				CLANG_CXX_LANGUAGE_STANDARD = "gnu++14";
				CLANG_CXX_LIBRARY = "libc++";
				CLANG_ENABLE_MODULES = YES;
				CLANG_ENABLE_OBJC_ARC = YES;
				CLANG_ENABLE_OBJC_WEAK = YES;
				CLANG_WARN_BLOCK_CAPTURE_AUTORELEASING = YES;
				CLANG_WARN_BOOL_CONVERSION = YES;
				CLANG_WARN_COMMA = YES;
				CLANG_WARN_CONSTANT_CONVERSION = YES;
				CLANG_WARN_DEPRECATED_OBJC_IMPLEMENTATIONS = YES;
				CLANG_WARN_DIRECT_OBJC_ISA_USAGE = YES_ERROR;
				CLANG_WARN_DOCUMENTATION_COMMENTS = YES;
				CLANG_WARN_EMPTY_BODY = YES;
				CLANG_WARN_ENUM_CONVERSION = YES;
				CLANG_WARN_INFINITE_RECURSION = YES;
				CLANG_WARN_INT_CONVERSION = YES;
				CLANG_WARN_NON_LITERAL_NULL_CONVERSION = YES;
				CLANG_WARN_OBJC_IMPLICIT_RETAIN_SELF = YES;
				CLANG_WARN_OBJC_LITERAL_CONVERSION = YES;
				CLANG_WARN_OBJC_ROOT_CLASS = YES_ERROR;
				CLANG_WARN_RANGE_LOOP_ANALYSIS = YES;
				CLANG_WARN_STRICT_PROTOTYPES = YES;
				CLANG_WARN_SUSPICIOUS_MOVE = YES;
				CLANG_WARN_UNGUARDED_AVAILABILITY = YES_AGGRESSIVE;
				CLANG_WARN_UNREACHABLE_CODE = YES;
				CLANG_WARN__DUPLICATE_METHOD_MATCH = YES;
				CODE_SIGN_IDENTITY = "iPhone Developer";
				COPY_PHASE_STRIP = NO;
				DEBUG_INFORMATION_FORMAT = "dwarf-with-dsym";
				ENABLE_NS_ASSERTIONS = NO;
				ENABLE_STRICT_OBJC_MSGSEND = YES;
				GCC_C_LANGUAGE_STANDARD = gnu11;
				GCC_NO_COMMON_BLOCKS = YES;
				GCC_WARN_64_TO_32_BIT_CONVERSION = YES;
				GCC_WARN_ABOUT_RETURN_TYPE = YES_ERROR;
				GCC_WARN_UNDECLARED_SELECTOR = YES;
				GCC_WARN_UNINITIALIZED_AUTOS = YES_AGGRESSIVE;
				GCC_WARN_UNUSED_FUNCTION = YES;
				GCC_WARN_UNUSED_VARIABLE = YES;
				IPHONEOS_DEPLOYMENT_TARGET = 12.0;
				MTL_ENABLE_DEBUG_INFO = NO;
				MTL_FAST_MATH = YES;
				SDKROOT = iphoneos;
				SWIFT_COMPILATION_MODE = wholemodule;
				SWIFT_OPTIMIZATION_LEVEL = "-O";
				VALIDATE_PRODUCT = YES;
			};
			name = Release;
		};
		CEA3BF512139061F00604FE1 /* Debug */ = {
			isa = XCBuildConfiguration;
			baseConfigurationReference = 1BFC13113BC0EFCED6BED474 /* Pods-chatApp.debug.xcconfig */;
			buildSettings = {
				ASSETCATALOG_COMPILER_APPICON_NAME = AppIcon;
				CODE_SIGN_STYLE = Automatic;
				DEVELOPMENT_TEAM = CQW554G3VL;
				INFOPLIST_FILE = chatApp/Info.plist;
				LD_RUNPATH_SEARCH_PATHS = (
					"$(inherited)",
					"@executable_path/Frameworks",
				);
				PRODUCT_BUNDLE_IDENTIFIER = swift.chatApp;
				PRODUCT_NAME = "$(TARGET_NAME)";
				SWIFT_VERSION = 4.2;
				TARGETED_DEVICE_FAMILY = "1,2";
			};
			name = Debug;
		};
		CEA3BF522139061F00604FE1 /* Release */ = {
			isa = XCBuildConfiguration;
			baseConfigurationReference = 345434E9C91C9052F3511C84 /* Pods-chatApp.release.xcconfig */;
			buildSettings = {
				ASSETCATALOG_COMPILER_APPICON_NAME = AppIcon;
				CODE_SIGN_STYLE = Automatic;
				DEVELOPMENT_TEAM = CQW554G3VL;
				INFOPLIST_FILE = chatApp/Info.plist;
				LD_RUNPATH_SEARCH_PATHS = (
					"$(inherited)",
					"@executable_path/Frameworks",
				);
				PRODUCT_BUNDLE_IDENTIFIER = swift.chatApp;
				PRODUCT_NAME = "$(TARGET_NAME)";
				SWIFT_VERSION = 4.2;
				TARGETED_DEVICE_FAMILY = "1,2";
			};
			name = Release;
		};
/* End XCBuildConfiguration section */

/* Begin XCConfigurationList section */
		CEA3BF392139061D00604FE1 /* Build configuration list for PBXProject "chatApp" */ = {
			isa = XCConfigurationList;
			buildConfigurations = (
				CEA3BF4E2139061F00604FE1 /* Debug */,
				CEA3BF4F2139061F00604FE1 /* Release */,
			);
			defaultConfigurationIsVisible = 0;
			defaultConfigurationName = Release;
		};
		CEA3BF502139061F00604FE1 /* Build configuration list for PBXNativeTarget "chatApp" */ = {
			isa = XCConfigurationList;
			buildConfigurations = (
				CEA3BF512139061F00604FE1 /* Debug */,
				CEA3BF522139061F00604FE1 /* Release */,
			);
			defaultConfigurationIsVisible = 0;
			defaultConfigurationName = Release;
		};
/* End XCConfigurationList section */
	};
	rootObject = CEA3BF362139061D00604FE1 /* Project object */;
}
